{
  "name": "Enderverse Realm",
  "lockfileVersion": 3,
  "requires": true,
  "packages": {
    "": {
      "dependencies": {
        "@minecraft/common": "^1.2.0",
        "@minecraft/debug-utilities": "^1.0.0-beta.1.21.0-stable",
        "@minecraft/server": "^1.15.0-beta.1.21.30-preview.22",
        "@minecraft/server-admin": "^1.0.0-beta.1.21.30-preview.22",
        "@minecraft/server-editor": "^0.1.0-beta.1.21.0-stable",
        "@minecraft/server-gametest": "^1.0.0-beta.1.21.30-preview.22",
        "@minecraft/server-net": "^1.0.0-beta.1.21.30-preview.22",
        "@minecraft/server-ui": "^1.4.0-beta.1.21.30-preview.22",
        "@minecraft/vanilla-data": "^1.21.0"
      }
    },
    "node_modules/@minecraft/common": {
      "version": "1.2.0",
      "resolved": "https://registry.npmjs.org/@minecraft/common/-/common-1.2.0.tgz",
      "integrity": "sha512-JdmEq4P3Z/FtoBzhLijFgMSVFnFRrUoLwY8DHHrgtFo0mfLTOLTB1RErYjLMsA6b7BGVNxkX/pfFRiH7QZ0XwQ=="
    },
    "node_modules/@minecraft/debug-utilities": {
      "version": "1.0.0-beta.1.21.0-stable",
      "resolved": "https://registry.npmjs.org/@minecraft/debug-utilities/-/debug-utilities-1.0.0-beta.1.21.0-stable.tgz",
      "integrity": "sha512-UV7XFFlJMa4sxLJwBeuJD9BpTsWW7dNZFAqFlRLCnl09/g+IOMsO4tVuEhsNO3Yim0W1RQAbluHQpFhSmRBW5A==",
      "dependencies": {
        "@minecraft/common": "^1.0.0",
        "@minecraft/server": "^1.8.0"
      }
    },
    "node_modules/@minecraft/debug-utilities/node_modules/@minecraft/server": {
      "version": "1.9.0",
      "resolved": "https://registry.npmjs.org/@minecraft/server/-/server-1.9.0.tgz",
      "integrity": "sha512-PhOLfCYM83t24TY3+8WA5zCRGCyG/89VC6ZSi4Ye92QZORC/0Td5JIh2ctJtUhAiYCbct/Ph/Of3BCi8/itr6A==",
      "dependencies": {
        "@minecraft/common": "^1.1.0"
      }
    },
    "node_modules/@minecraft/server": {
      "version": "1.15.0-beta.1.21.30-preview.22",
      "resolved": "https://registry.npmjs.org/@minecraft/server/-/server-1.15.0-beta.1.21.30-preview.22.tgz",
      "integrity": "sha512-b2moEZv0UdflUvOmRKgUSi/RFEOnQRByQyKNwQHY4gTIuWkSlbAHuVoJKJRIhJNOLOcLSaJPiTLAgJIeA5Zrsw==",
      "license": "MIT",
      "dependencies": {
        "@minecraft/common": "^1.1.0"
      }
    },
    "node_modules/@minecraft/server-admin": {
      "version": "1.0.0-beta.1.21.30-preview.22",
      "resolved": "https://registry.npmjs.org/@minecraft/server-admin/-/server-admin-1.0.0-beta.1.21.30-preview.22.tgz",
      "integrity": "sha512-Oqk9wEcoHvo/v9TRl/XGQsITnY7JyZJ4WkmZHATFfQC5HchkVYnbQa5ptW0NOrbRboAsIAFw+SrIoButlgDMlw==",
      "license": "MIT",
      "dependencies": {
        "@minecraft/common": "^1.0.0"
      }
    },
    "node_modules/@minecraft/server-editor": {
      "version": "0.1.0-beta.1.21.0-stable",
      "resolved": "https://registry.npmjs.org/@minecraft/server-editor/-/server-editor-0.1.0-beta.1.21.0-stable.tgz",
      "integrity": "sha512-JzPoG88//HbE/y2dU2BazSKYkyyz0nxWa/o0yUbfFgOwO2zuZIZzal72yCpIsITTqNkDpymvxr7UBvecHf7bLA==",
      "dependencies": {
        "@minecraft/common": "^1.0.0",
        "@minecraft/server": "^1.12.0-beta.1.21.0-stable"
      }
    },
    "node_modules/@minecraft/server-editor/node_modules/@minecraft/server": {
      "version": "1.12.0-rc.1.21.30-preview.22",
      "resolved": "https://registry.npmjs.org/@minecraft/server/-/server-1.12.0-rc.1.21.30-preview.22.tgz",
      "integrity": "sha512-n+JvSngfEtKCI2Sh04guz2NlUZqDXJqhCIPZYGXtfIHB2kWYnWXDHmqgV2wxqG+g46Brx4DPpRwd66wlynVPlQ==",
      "license": "MIT",
      "dependencies": {
        "@minecraft/common": "^1.1.0"
      }
    },
    "node_modules/@minecraft/server-gametest": {
      "version": "1.0.0-beta.1.21.30-preview.22",
      "resolved": "https://registry.npmjs.org/@minecraft/server-gametest/-/server-gametest-1.0.0-beta.1.21.30-preview.22.tgz",
      "integrity": "sha512-38qmdFmfQZhrLekR0KY7jbpE7fUN4oFFHWbAmjYM0EYG0ORfGmId4/nZK5Klmpaj9wrTkyN7P6QAMlvZ629rdw==",
      "license": "MIT",
      "dependencies": {
        "@minecraft/common": "^1.0.0",
        "@minecraft/server": "^1.8.0"
      }
    },
    "node_modules/@minecraft/server-gametest/node_modules/@minecraft/server": {
      "version": "1.8.0",
      "resolved": "https://registry.npmjs.org/@minecraft/server/-/server-1.8.0.tgz",
      "integrity": "sha512-YqH8eowsC2eAaJ/EXgUC+zfyo+iWa0jTCuLC/2zEpObg6nCJRjy0NIhIZqzxspbUOgf+qakNjNZIhLMwL+a6Fg==",
      "dependencies": {
        "@minecraft/common": "^1.1.0"
      }
    },
    "node_modules/@minecraft/server-net": {
      "version": "1.0.0-beta.1.21.30-preview.22",
      "resolved": "https://registry.npmjs.org/@minecraft/server-net/-/server-net-1.0.0-beta.1.21.30-preview.22.tgz",
      "integrity": "sha512-tdTG2Jt4OdjqS/TrzG3Dvn/IYep5nAPOYli5+tY9ttEea235f8e/wz0DmdpG5qpJnPVnsImjZBaFsQ8xCpNk7g==",
      "license": "MIT",
      "dependencies": {
        "@minecraft/common": "^1.0.0",
        "@minecraft/server-admin": "^1.0.0-beta.1.21.30-preview.22"
      }
    },
    "node_modules/@minecraft/server-ui": {
      "version": "1.4.0-beta.1.21.30-preview.22",
      "resolved": "https://registry.npmjs.org/@minecraft/server-ui/-/server-ui-1.4.0-beta.1.21.30-preview.22.tgz",
      "integrity": "sha512-d4IYZGz7UdgLcov0rzU+CesIRGMiv0LxwQeoyW+CXZRJHLj/r2Ub+m3J1Dx4n8PjzNblkSbj1odscQvn9RFO1A==",
      "license": "MIT",
      "dependencies": {
        "@minecraft/common": "^1.0.0",
        "@minecraft/server": "^1.8.0"
      }
    },
    "node_modules/@minecraft/server-ui/node_modules/@minecraft/server": {
      "version": "1.8.0",
      "resolved": "https://registry.npmjs.org/@minecraft/server/-/server-1.8.0.tgz",
      "integrity": "sha512-YqH8eowsC2eAaJ/EXgUC+zfyo+iWa0jTCuLC/2zEpObg6nCJRjy0NIhIZqzxspbUOgf+qakNjNZIhLMwL+a6Fg==",
      "dependencies": {
        "@minecraft/common": "^1.1.0"
      }
    },
    "node_modules/@minecraft/vanilla-data": {
      "version": "1.21.0",
      "resolved": "https://registry.npmjs.org/@minecraft/vanilla-data/-/vanilla-data-1.21.0.tgz",
      "integrity": "sha512-OuEsfTsb2oecM2n9BNVXdhk4qjDSatRSuH+FrScpydaibPNV7jG166cGbltu7VujWETRYpAMVzSGxZRfom0Rmg=="
    }
  }
}
